// !$*UTF8*$!
{
	archiveVersion = 1;
	classes = {
	};
	objectVersion = 46;
	objects = {

/* Begin PBXBuildFile section */
		C55B923B1AB327750095A150 /* main.m in Sources */ = {isa = PBXBuildFile; fileRef = C55B923A1AB327750095A150 /* main.m */; };
		C55B923E1AB327750095A150 /* AppDelegate.m in Sources */ = {isa = PBXBuildFile; fileRef = C55B923D1AB327750095A150 /* AppDelegate.m */; };
		C55B92411AB327750095A150 /* ViewController.m in Sources */ = {isa = PBXBuildFile; fileRef = C55B92401AB327750095A150 /* ViewController.m */; };
		C55B92441AB327750095A150 /* Main.storyboard in Resources */ = {isa = PBXBuildFile; fileRef = C55B92421AB327750095A150 /* Main.storyboard */; };
		C55B92461AB327750095A150 /* Images.xcassets in Resources */ = {isa = PBXBuildFile; fileRef = C55B92451AB327750095A150 /* Images.xcassets */; };
		C55B92491AB327750095A150 /* LaunchScreen.xib in Resources */ = {isa = PBXBuildFile; fileRef = C55B92471AB327750095A150 /* LaunchScreen.xib */; };
		C55B92551AB327750095A150 /* test1Tests.m in Sources */ = {isa = PBXBuildFile; fileRef = C55B92541AB327750095A150 /* test1Tests.m */; };
/* End PBXBuildFile section */

/* Begin PBXContainerItemProxy section */
		C55B924F1AB327750095A150 /* PBXContainerItemProxy */ = {
			isa = PBXContainerItemProxy;
			containerPortal = C55B922D1AB327750095A150 /* Project object */;
			proxyType = 1;
			remoteGlobalIDString = C55B92341AB327750095A150;
			remoteInfo = test1;
		};
/* End PBXContainerItemProxy section */

/* Begin PBXFileReference section */
		C55B92351AB327750095A150 /* test1.app */ = {isa = PBXFileReference; explicitFileType = wrapper.application; includeInIndex = 0; path = test1.app; sourceTree = BUILT_PRODUCTS_DIR; };
		C55B92391AB327750095A150 /* Info.plist */ = {isa = PBXFileReference; lastKnownFileType = text.plist.xml; path = Info.plist; sourceTree = "<group>"; };
		C55B923A1AB327750095A150 /* main.m */ = {isa = PBXFileReference; lastKnownFileType = sourcecode.c.objc; path = main.m; sourceTree = "<group>"; };
		C55B923C1AB327750095A150 /* AppDelegate.h */ = {isa = PBXFileReference; lastKnownFileType = sourcecode.c.h; path = AppDelegate.h; sourceTree = "<group>"; };
		C55B923D1AB327750095A150 /* AppDelegate.m */ = {isa = PBXFileReference; lastKnownFileType = sourcecode.c.objc; path = AppDelegate.m; sourceTree = "<group>"; };
		C55B923F1AB327750095A150 /* ViewController.h */ = {isa = PBXFileReference; lastKnownFileType = sourcecode.c.h; path = ViewController.h; sourceTree = "<group>"; };
		C55B92401AB327750095A150 /* ViewController.m */ = {isa = PBXFileReference; lastKnownFileType = sourcecode.c.objc; path = ViewController.m; sourceTree = "<group>"; };
		C55B92431AB327750095A150 /* Base */ = {isa = PBXFileReference; lastKnownFileType = file.storyboard; name = Base; path = Base.lproj/Main.storyboard; sourceTree = "<group>"; };
		C55B92451AB327750095A150 /* Images.xcassets */ = {isa = PBXFileReference; lastKnownFileType = folder.assetcatalog; path = Images.xcassets; sourceTree = "<group>"; };
		C55B92481AB327750095A150 /* Base */ = {isa = PBXFileReference; lastKnownFileType = file.xib; name = Base; path = Base.lproj/LaunchScreen.xib; sourceTree = "<group>"; };
		C55B924E1AB327750095A150 /* test1Tests.xctest */ = {isa = PBXFileReference; explicitFileType = wrapper.cfbundle; includeInIndex = 0; path = test1Tests.xctest; sourceTree = BUILT_PRODUCTS_DIR; };
		C55B92531AB327750095A150 /* Info.plist */ = {isa = PBXFileReference; lastKnownFileType = text.plist.xml; path = Info.plist; sourceTree = "<group>"; };
		C55B92541AB327750095A150 /* test1Tests.m */ = {isa = PBXFileReference; lastKnownFileType = sourcecode.c.objc; path = test1Tests.m; sourceTree = "<group>"; };
/* End PBXFileReference section */

/* Begin PBXFrameworksBuildPhase section */
		C55B92321AB327750095A150 /* Frameworks */ = {
			isa = PBXFrameworksBuildPhase;
			buildActionMask = 2147483647;
			files = (
			);
			runOnlyForDeploymentPostprocessing = 0;
		};
		C55B924B1AB327750095A150 /* Frameworks */ = {
			isa = PBXFrameworksBuildPhase;
			buildActionMask = 2147483647;
			files = (
			);
			runOnlyForDeploymentPostprocessing = 0;
		};
/* End PBXFrameworksBuildPhase section */

/* Begin PBXGroup section */
		C55B922C1AB327750095A150 = {
			isa = PBXGroup;
			children = (
				C55B92371AB327750095A150 /* test1 */,
				C55B92511AB327750095A150 /* test1Tests */,
				C55B92361AB327750095A150 /* Products */,
			);
			sourceTree = "<group>";
		};
		C55B92361AB327750095A150 /* Products */ = {
			isa = PBXGroup;
			children = (
				C55B92351AB327750095A150 /* test1.app */,
				C55B924E1AB327750095A150 /* test1Tests.xctest */,
			);
			name = Products;
			sourceTree = "<group>";
		};
		C55B92371AB327750095A150 /* test1 */ = {
			isa = PBXGroup;
			children = (
				C55B923C1AB327750095A150 /* AppDelegate.h */,
				C55B923D1AB327750095A150 /* AppDelegate.m */,
				C55B923F1AB327750095A150 /* ViewController.h */,
				C55B92401AB327750095A150 /* ViewController.m */,
				C55B92421AB327750095A150 /* Main.storyboard */,
				C55B92451AB327750095A150 /* Images.xcassets */,
				C55B92471AB327750095A150 /* LaunchScreen.xib */,
				C55B92381AB327750095A150 /* Supporting Files */,
			);
			path = test1;
			sourceTree = "<group>";
		};
		C55B92381AB327750095A150 /* Supporting Files */ = {
			isa = PBXGroup;
			children = (
				C55B92391AB327750095A150 /* Info.plist */,
				C55B923A1AB327750095A150 /* main.m */,
			);
			name = "Supporting Files";
			sourceTree = "<group>";
		};
		C55B92511AB327750095A150 /* test1Tests */ = {
			isa = PBXGroup;
			children = (
				C55B92541AB327750095A150 /* test1Tests.m */,
				C55B92521AB327750095A150 /* Supporting Files */,
			);
			path = test1Tests;
			sourceTree = "<group>";
		};
		C55B92521AB327750095A150 /* Supporting Files */ = {
			isa = PBXGroup;
			children = (
				C55B92531AB327750095A150 /* Info.plist */,
			);
			name = "Supporting Files";
			sourceTree = "<group>";
		};
/* End PBXGroup section */

/* Begin PBXNativeTarget section */
		C55B92341AB327750095A150 /* test1 */ = {
			isa = PBXNativeTarget;
			buildConfigurationList = C55B92581AB327750095A150 /* Build configuration list for PBXNativeTarget "test1" */;
			buildPhases = (
				C55B92311AB327750095A150 /* Sources */,
				C55B92321AB327750095A150 /* Frameworks */,
				C55B92331AB327750095A150 /* Resources */,
			);
			buildRules = (
			);
			dependencies = (
			);
			name = test1;
			productName = test1;
			productReference = C55B92351AB327750095A150 /* test1.app */;
			productType = "com.apple.product-type.application";
		};
		C55B924D1AB327750095A150 /* test1Tests */ = {
			isa = PBXNativeTarget;
			buildConfigurationList = C55B925B1AB327750095A150 /* Build configuration list for PBXNativeTarget "test1Tests" */;
			buildPhases = (
				C55B924A1AB327750095A150 /* Sources */,
				C55B924B1AB327750095A150 /* Frameworks */,
				C55B924C1AB327750095A150 /* Resources */,
			);
			buildRules = (
			);
			dependencies = (
				C55B92501AB327750095A150 /* PBXTargetDependency */,
			);
			name = test1Tests;
			productName = test1Tests;
			productReference = C55B924E1AB327750095A150 /* test1Tests.xctest */;
			productType = "com.apple.product-type.bundle.unit-test";
		};
/* End PBXNativeTarget section */

/* Begin PBXProject section */
		C55B922D1AB327750095A150 /* Project object */ = {
			isa = PBXProject;
			attributes = {
				LastUpgradeCheck = 0610;
				ORGANIZATIONNAME = xtownmobile.com;
				TargetAttributes = {
					C55B92341AB327750095A150 = {
						CreatedOnToolsVersion = 6.1;
					};
					C55B924D1AB327750095A150 = {
						CreatedOnToolsVersion = 6.1;
						TestTargetID = C55B92341AB327750095A150;
					};
				};
			};
			buildConfigurationList = C55B92301AB327750095A150 /* Build configuration list for PBXProject "test1" */;
			compatibilityVersion = "Xcode 3.2";
			developmentRegion = English;
			hasScannedForEncodings = 0;
			knownRegions = (
				en,
				Base,
			);
			mainGroup = C55B922C1AB327750095A150;
			productRefGroup = C55B92361AB327750095A150 /* Products */;
			projectDirPath = "";
			projectRoot = "";
			targets = (
				C55B92341AB327750095A150 /* test1 */,
				C55B924D1AB327750095A150 /* test1Tests */,
			);
		};
/* End PBXProject section */

/* Begin PBXResourcesBuildPhase section */
		C55B92331AB327750095A150 /* Resources */ = {
			isa = PBXResourcesBuildPhase;
			buildActionMask = 2147483647;
			files = (
				C55B92441AB327750095A150 /* Main.storyboard in Resources */,
				C55B92491AB327750095A150 /* LaunchScreen.xib in Resources */,
				C55B92461AB327750095A150 /* Images.xcassets in Resources */,
			);
			runOnlyForDeploymentPostprocessing = 0;
		};
		C55B924C1AB327750095A150 /* Resources */ = {
			isa = PBXResourcesBuildPhase;
			buildActionMask = 2147483647;
			files = (
			);
			runOnlyForDeploymentPostprocessing = 0;
		};
/* End PBXResourcesBuildPhase section */

/* Begin PBXSourcesBuildPhase section */
		C55B92311AB327750095A150 /* Sources */ = {
			isa = PBXSourcesBuildPhase;
			buildActionMask = 2147483647;
			files = (
				C55B92411AB327750095A150 /* ViewController.m in Sources */,
				C55B923E1AB327750095A150 /* AppDelegate.m in Sources */,
				C55B923B1AB327750095A150 /* main.m in Sources */,
			);
			runOnlyForDeploymentPostprocessing = 0;
		};
		C55B924A1AB327750095A150 /* Sources */ = {
			isa = PBXSourcesBuildPhase;
			buildActionMask = 2147483647;
			files = (
				C55B92551AB327750095A150 /* test1Tests.m in Sources */,
			);
			runOnlyForDeploymentPostprocessing = 0;
		};
/* End PBXSourcesBuildPhase section */

/* Begin PBXTargetDependency section */
		C55B92501AB327750095A150 /* PBXTargetDependency */ = {
			isa = PBXTargetDependency;
			target = C55B92341AB327750095A150 /* test1 */;
			targetProxy = C55B924F1AB327750095A150 /* PBXContainerItemProxy */;
		};
/* End PBXTargetDependency section */

/* Begin PBXVariantGroup section */
		C55B92421AB327750095A150 /* Main.storyboard */ = {
			isa = PBXVariantGroup;
			children = (
				C55B92431AB327750095A150 /* Base */,
			);
			name = Main.storyboard;
			sourceTree = "<group>";
		};
		C55B92471AB327750095A150 /* LaunchScreen.xib */ = {
			isa = PBXVariantGroup;
			children = (
				C55B92481AB327750095A150 /* Base */,
			);
			name = LaunchScreen.xib;
			sourceTree = "<group>";
		};
/* End PBXVariantGroup section */

/* Begin XCBuildConfiguration section */
		C55B92561AB327750095A150 /* Debug */ = {
			isa = XCBuildConfiguration;
			buildSettings = {
				ALWAYS_SEARCH_USER_PATHS = NO;
				CLANG_CXX_LANGUAGE_STANDARD = "gnu++0x";
				CLANG_CXX_LIBRARY = "libc++";
				CLANG_ENABLE_MODULES = YES;
				CLANG_ENABLE_OBJC_ARC = YES;
				CLANG_WARN_BOOL_CONVERSION = YES;
				CLANG_WARN_CONSTANT_CONVERSION = YES;
				CLANG_WARN_DIRECT_OBJC_ISA_USAGE = YES_ERROR;
				CLANG_WARN_EMPTY_BODY = YES;
				CLANG_WARN_ENUM_CONVERSION = YES;
				CLANG_WARN_INT_CONVERSION = YES;
				CLANG_WARN_OBJC_ROOT_CLASS = YES_ERROR;
				CLANG_WARN_UNREACHABLE_CODE = YES;
				CLANG_WARN__DUPLICATE_METHOD_MATCH = YES;
				"CODE_SIGN_IDENTITY[sdk=iphoneos*]" = "iPhone Developer";
				COPY_PHASE_STRIP = NO;
				ENABLE_STRICT_OBJC_MSGSEND = YES;
				GCC_C_LANGUAGE_STANDARD = gnu99;
				GCC_DYNAMIC_NO_PIC = NO;
				GCC_OPTIMIZATION_LEVEL = 0;
				GCC_PREPROCESSOR_DEFINITIONS = (
					"DEBUG=1",
					"$(inherited)",
				);
				GCC_SYMBOLS_PRIVATE_EXTERN = NO;
				GCC_WARN_64_TO_32_BIT_CONVERSION = YES;
				GCC_WARN_ABOUT_RETURN_TYPE = YES_ERROR;
				GCC_WARN_UNDECLARED_SELECTOR = YES;
				GCC_WARN_UNINITIALIZED_AUTOS = YES_AGGRESSIVE;
				GCC_WARN_UNUSED_FUNCTION = YES;
				GCC_WARN_UNUSED_VARIABLE = YES;
				IPHONEOS_DEPLOYMENT_TARGET = 8.1;
				MTL_ENABLE_DEBUG_INFO = YES;
				ONLY_ACTIVE_ARCH = YES;
				SDKROOT = iphoneos;
				TARGETED_DEVICE_FAMILY = "1,2";
			};
			name = Debug;
		};
		C55B92571AB327750095A150 /* Release */ = {
			isa = XCBuildConfiguration;
			buildSettings = {
				ALWAYS_SEARCH_USER_PATHS = NO;
				CLANG_CXX_LANGUAGE_STANDARD = "gnu++0x";
				CLANG_CXX_LIBRARY = "libc++";
				CLANG_ENABLE_MODULES = YES;
				CLANG_ENABLE_OBJC_ARC = YES;
				CLANG_WARN_BOOL_CONVERSION = YES;
				CLANG_WARN_CONSTANT_CONVERSION = YES;
				CLANG_WARN_DIRECT_OBJC_ISA_USAGE = YES_ERROR;
				CLANG_WARN_EMPTY_BODY = YES;
				CLANG_WARN_ENUM_CONVERSION = YES;
				CLANG_WARN_INT_CONVERSION = YES;
				CLANG_WARN_OBJC_ROOT_CLASS = YES_ERROR;
				CLANG_WARN_UNREACHABLE_CODE = YES;
				CLANG_WARN__DUPLICATE_METHOD_MATCH = YES;
				"CODE_SIGN_IDENTITY[sdk=iphoneos*]" = "iPhone Developer";
				COPY_PHASE_STRIP = YES;
				ENABLE_NS_ASSERTIONS = NO;
				ENABLE_STRICT_OBJC_MSGSEND = YES;
				GCC_C_LANGUAGE_STANDARD = gnu99;
				GCC_WARN_64_TO_32_BIT_CONVERSION = YES;
				GCC_WARN_ABOUT_RETURN_TYPE = YES_ERROR;
				GCC_WARN_UNDECLARED_SELECTOR = YES;
				GCC_WARN_UNINITIALIZED_AUTOS = YES_AGGRESSIVE;
				GCC_WARN_UNUSED_FUNCTION = YES;
				GCC_WARN_UNUSED_VARIABLE = YES;
				IPHONEOS_DEPLOYMENT_TARGET = 8.1;
				MTL_ENABLE_DEBUG_INFO = NO;
				SDKROOT = iphoneos;
				TARGETED_DEVICE_FAMILY = "1,2";
				VALIDATE_PRODUCT = YES;
			};
			name = Release;
		};
		C55B92591AB327750095A150 /* Debug */ = {
			isa = XCBuildConfiguration;
			buildSettings = {
				ASSETCATALOG_COMPILER_APPICON_NAME = AppIcon;
				INFOPLIST_FILE = test1/Info.plist;
				LD_RUNPATH_SEARCH_PATHS = "$(inherited) @executable_path/Frameworks";
				PRODUCT_NAME = "$(TARGET_NAME)";
			};
			name = Debug;
		};
		C55B925A1AB327750095A150 /* Release */ = {
			isa = XCBuildConfiguration;
			buildSettings = {
				ASSETCATALOG_COMPILER_APPICON_NAME = AppIcon;
				INFOPLIST_FILE = test1/Info.plist;
				LD_RUNPATH_SEARCH_PATHS = "$(inherited) @executable_path/Frameworks";
				PRODUCT_NAME = "$(TARGET_NAME)";
			};
			name = Release;
		};
		C55B925C1AB327750095A150 /* Debug */ = {
			isa = XCBuildConfiguration;
			buildSettings = {
				BUNDLE_LOADER = "$(TEST_HOST)";
				FRAMEWORK_SEARCH_PATHS = (
					"$(SDKROOT)/Developer/Library/Frameworks",
					"$(inherited)",
				);
				GCC_PREPROCESSOR_DEFINITIONS = (
					"DEBUG=1",
					"$(inherited)",
				);
				INFOPLIST_FILE = test1Tests/Info.plist;
				LD_RUNPATH_SEARCH_PATHS = "$(inherited) @executable_path/Frameworks @loader_path/Frameworks";
				PRODUCT_NAME = "$(TARGET_NAME)";
				TEST_HOST = "$(BUILT_PRODUCTS_DIR)/test1.app/test1";
			};
			name = Debug;
		};
		C55B925D1AB327750095A150 /* Release */ = {
			isa = XCBuildConfiguration;
			buildSettings = {
				BUNDLE_LOADER = "$(TEST_HOST)";
				FRAMEWORK_SEARCH_PATHS = (
					"$(SDKROOT)/Developer/Library/Frameworks",
					"$(inherited)",
				);
				INFOPLIST_FILE = test1Tests/Info.plist;
				LD_RUNPATH_SEARCH_PATHS = "$(inherited) @executable_path/Frameworks @loader_path/Frameworks";
				PRODUCT_NAME = "$(TARGET_NAME)";
				TEST_HOST = "$(BUILT_PRODUCTS_DIR)/test1.app/test1";
			};
			name = Release;
		};
/* End XCBuildConfiguration section */

/* Begin XCConfigurationList section */
		C55B92301AB327750095A150 /* Build configuration list for PBXProject "test1" */ = {
			isa = XCConfigurationList;
			buildConfigurations = (
				C55B92561AB327750095A150 /* Debug */,
				C55B92571AB327750095A150 /* Release */,
			);
			defaultConfigurationIsVisible = 0;
			defaultConfigurationName = Release;
		};
		C55B92581AB327750095A150 /* Build configuration list for PBXNativeTarget "test1" */ = {
			isa = XCConfigurationList;
			buildConfigurations = (
				C55B92591AB327750095A150 /* Debug */,
				C55B925A1AB327750095A150 /* Release */,
			);
			defaultConfigurationIsVisible = 0;
		};
		C55B925B1AB327750095A150 /* Build configuration list for PBXNativeTarget "test1Tests" */ = {
			isa = XCConfigurationList;
			buildConfigurations = (
				C55B925C1AB327750095A150 /* Debug */,
				C55B925D1AB327750095A150 /* Release */,
			);
			defaultConfigurationIsVisible = 0;
		};
/* End XCConfigurationList section */
	};
	rootObject = C55B922D1AB327750095A150 /* Project object */;
}
